PODS:
  - Alamofire (4.4.0)
  - KeychainAccess (3.0.1)

DEPENDENCIES:
  - Alamofire
  - KeychainAccess

SPEC CHECKSUMS:
  Alamofire: dc44b1600b800eb63da6a19039a0083d62a6a62d
  KeychainAccess: 017ea25e313a49eda10bb19b0bb0760fb1edfe1a

PODFILE CHECKSUM: 75fe6aafe68962f5b75f2d8d1cff5cb69d50c529

COCOAPODS: 1.2.0
