PODS:
  - Alamofire (3.4.1)
  - KeychainAccess (2.3.6)

DEPENDENCIES:
  - Alamofire
  - KeychainAccess

SPEC CHECKSUMS:
  Alamofire: 01a82e2f6c0f860ade35534c8dd88be61bdef40c
  KeychainAccess: 7f10e2ef998ddf954a64d5d608be08677774684d

PODFILE CHECKSUM: b7fdf6be20c3b547fa117597208a5f748b918254

COCOAPODS: 1.0.0
