PODS:
  - Alamofire (4.0.1)
  - KeychainAccess (3.0.1)

DEPENDENCIES:
  - Alamofire
  - KeychainAccess

SPEC CHECKSUMS:
  Alamofire: 7682d43245de14874acd142ec137b144aa1dd335
  KeychainAccess: 017ea25e313a49eda10bb19b0bb0760fb1edfe1a

PODFILE CHECKSUM: 75fe6aafe68962f5b75f2d8d1cff5cb69d50c529

COCOAPODS: 1.1.1
