// !$*UTF8*$!
{
	archiveVersion = 1;
	classes = {
	};
	objectVersion = 46;
	objects = {

/* Begin PBXBuildFile section */
		7FD256BC1B5707E600825BF1 /* AppDelegate.swift in Sources */ = {isa = PBXBuildFile; fileRef = 7FD256BB1B5707E600825BF1 /* AppDelegate.swift */; };
		7FD256BE1B5707E600825BF1 /* ViewController.swift in Sources */ = {isa = PBXBuildFile; fileRef = 7FD256BD1B5707E600825BF1 /* ViewController.swift */; };
		7FD256C11B5707E600825BF1 /* Main.storyboard in Resources */ = {isa = PBXBuildFile; fileRef = 7FD256BF1B5707E600825BF1 /* Main.storyboard */; };
		7FD256C31B5707E600825BF1 /* Images.xcassets in Resources */ = {isa = PBXBuildFile; fileRef = 7FD256C21B5707E600825BF1 /* Images.xcassets */; };
		7FD256C61B5707E600825BF1 /* LaunchScreen.xib in Resources */ = {isa = PBXBuildFile; fileRef = 7FD256C41B5707E600825BF1 /* LaunchScreen.xib */; };
		7FD256D91B5708D400825BF1 /* AuthenticationViewController.swift in Sources */ = {isa = PBXBuildFile; fileRef = 7FD256721B545EFA00825BF1 /* AuthenticationViewController.swift */; };
		7FD256DA1B5708D700825BF1 /* Oauth2Settings.swift in Sources */ = {isa = PBXBuildFile; fileRef = 7FD256731B545EFA00825BF1 /* Oauth2Settings.swift */; };
		7FD256DB1B5708DA00825BF1 /* OAuth2Client.swift in Sources */ = {isa = PBXBuildFile; fileRef = 7FD256741B545EFA00825BF1 /* OAuth2Client.swift */; };
		7FD256DC1B5708DD00825BF1 /* AlamofireOauth2.swift in Sources */ = {isa = PBXBuildFile; fileRef = 7FD2566C1B545AE400825BF1 /* AlamofireOauth2.swift */; };
		EE507C92373B6FB967CE3E64 /* Pods.framework in Frameworks */ = {isa = PBXBuildFile; fileRef = F2F299D1B0DB87443E2E306D /* Pods.framework */; };
/* End PBXBuildFile section */

/* Begin PBXFileReference section */
		67A1D6A3E84EB476CFB8B6F7 /* Pods.release.xcconfig */ = {isa = PBXFileReference; includeInIndex = 1; lastKnownFileType = text.xcconfig; name = Pods.release.xcconfig; path = "Pods/Target Support Files/Pods/Pods.release.xcconfig"; sourceTree = "<group>"; };
		7F0E6DC41BA8452C0071AC65 /* Oauth2Test.entitlements */ = {isa = PBXFileReference; lastKnownFileType = text.xml; path = Oauth2Test.entitlements; sourceTree = "<group>"; };
		7F159DF81BA2F92400247CB1 /* circle.yml */ = {isa = PBXFileReference; lastKnownFileType = text; name = circle.yml; path = ../EVReflection/circle.yml; sourceTree = "<group>"; };
		7F159DF91BA2F99500247CB1 /* .gitignore */ = {isa = PBXFileReference; lastKnownFileType = text; name = .gitignore; path = ../EVReflection/EVReflection/.gitignore; sourceTree = "<group>"; };
		7F159DFD1BA3057400247CB1 /* .travis.yml */ = {isa = PBXFileReference; lastKnownFileType = text; path = .travis.yml; sourceTree = "<group>"; };
		7F7CFCE61B5E740D00A42318 /* AlamofireOauth2.podspec */ = {isa = PBXFileReference; lastKnownFileType = text; path = AlamofireOauth2.podspec; sourceTree = "<group>"; };
		7F7CFCE71B5E740D00A42318 /* LICENSE */ = {isa = PBXFileReference; lastKnownFileType = text; path = LICENSE; sourceTree = "<group>"; };
		7F7CFCE81B5E740D00A42318 /* README.md */ = {isa = PBXFileReference; lastKnownFileType = net.daringfireball.markdown; path = README.md; sourceTree = "<group>"; };
		7FD2566C1B545AE400825BF1 /* AlamofireOauth2.swift */ = {isa = PBXFileReference; fileEncoding = 4; lastKnownFileType = sourcecode.swift; path = AlamofireOauth2.swift; sourceTree = "<group>"; };
		7FD256701B545D6D00825BF1 /* Podfile */ = {isa = PBXFileReference; fileEncoding = 4; lastKnownFileType = text; path = Podfile; sourceTree = "<group>"; xcLanguageSpecificationIdentifier = xcode.lang.ruby; };
		7FD256721B545EFA00825BF1 /* AuthenticationViewController.swift */ = {isa = PBXFileReference; fileEncoding = 4; lastKnownFileType = sourcecode.swift; path = AuthenticationViewController.swift; sourceTree = "<group>"; };
		7FD256731B545EFA00825BF1 /* Oauth2Settings.swift */ = {isa = PBXFileReference; fileEncoding = 4; lastKnownFileType = sourcecode.swift; path = Oauth2Settings.swift; sourceTree = "<group>"; };
		7FD256741B545EFA00825BF1 /* OAuth2Client.swift */ = {isa = PBXFileReference; fileEncoding = 4; lastKnownFileType = sourcecode.swift; path = OAuth2Client.swift; sourceTree = "<group>"; };
		7FD256B71B5707E500825BF1 /* Oauth2Test.app */ = {isa = PBXFileReference; explicitFileType = wrapper.application; includeInIndex = 0; path = Oauth2Test.app; sourceTree = BUILT_PRODUCTS_DIR; };
		7FD256BA1B5707E600825BF1 /* Info.plist */ = {isa = PBXFileReference; lastKnownFileType = text.plist.xml; path = Info.plist; sourceTree = "<group>"; };
		7FD256BB1B5707E600825BF1 /* AppDelegate.swift */ = {isa = PBXFileReference; lastKnownFileType = sourcecode.swift; path = AppDelegate.swift; sourceTree = "<group>"; };
		7FD256BD1B5707E600825BF1 /* ViewController.swift */ = {isa = PBXFileReference; lastKnownFileType = sourcecode.swift; path = ViewController.swift; sourceTree = "<group>"; };
		7FD256C01B5707E600825BF1 /* Base */ = {isa = PBXFileReference; lastKnownFileType = file.storyboard; name = Base; path = Base.lproj/Main.storyboard; sourceTree = "<group>"; };
		7FD256C21B5707E600825BF1 /* Images.xcassets */ = {isa = PBXFileReference; lastKnownFileType = folder.assetcatalog; path = Images.xcassets; sourceTree = "<group>"; };
		7FD256C51B5707E600825BF1 /* Base */ = {isa = PBXFileReference; lastKnownFileType = file.xib; name = Base; path = Base.lproj/LaunchScreen.xib; sourceTree = "<group>"; };
		EA53326E43518792397CC7FB /* Pods.debug.xcconfig */ = {isa = PBXFileReference; includeInIndex = 1; lastKnownFileType = text.xcconfig; name = Pods.debug.xcconfig; path = "Pods/Target Support Files/Pods/Pods.debug.xcconfig"; sourceTree = "<group>"; };
		F2F299D1B0DB87443E2E306D /* Pods.framework */ = {isa = PBXFileReference; explicitFileType = wrapper.framework; includeInIndex = 0; path = Pods.framework; sourceTree = BUILT_PRODUCTS_DIR; };
/* End PBXFileReference section */

/* Begin PBXFrameworksBuildPhase section */
		7FD256B41B5707E500825BF1 /* Frameworks */ = {
			isa = PBXFrameworksBuildPhase;
			buildActionMask = 2147483647;
			files = (
				EE507C92373B6FB967CE3E64 /* Pods.framework in Frameworks */,
			);
			runOnlyForDeploymentPostprocessing = 0;
		};
/* End PBXFrameworksBuildPhase section */

/* Begin PBXGroup section */
		7FD2563E1B545A9D00825BF1 = {
			isa = PBXGroup;
			children = (
				7F159DF91BA2F99500247CB1 /* .gitignore */,
				7F159DFD1BA3057400247CB1 /* .travis.yml */,
				7F159DF81BA2F92400247CB1 /* circle.yml */,
				7FD256701B545D6D00825BF1 /* Podfile */,
				7F7CFCE61B5E740D00A42318 /* AlamofireOauth2.podspec */,
				7F7CFCE71B5E740D00A42318 /* LICENSE */,
				7F7CFCE81B5E740D00A42318 /* README.md */,
				7FD256491B545A9D00825BF1 /* AlamofireOauth2 */,
				7FD256B81B5707E600825BF1 /* Oauth2Test */,
				7FD256481B545A9D00825BF1 /* Products */,
				CF5DEB8B2ED21ECE362ACBBD /* Frameworks */,
				B3140E192B2E23C13991935A /* Pods */,
			);
			sourceTree = "<group>";
		};
		7FD256481B545A9D00825BF1 /* Products */ = {
			isa = PBXGroup;
			children = (
				7FD256B71B5707E500825BF1 /* Oauth2Test.app */,
			);
			name = Products;
			sourceTree = "<group>";
		};
		7FD256491B545A9D00825BF1 /* AlamofireOauth2 */ = {
			isa = PBXGroup;
			children = (
				7FD256731B545EFA00825BF1 /* Oauth2Settings.swift */,
				7FD2566C1B545AE400825BF1 /* AlamofireOauth2.swift */,
				7FD256721B545EFA00825BF1 /* AuthenticationViewController.swift */,
				7FD256741B545EFA00825BF1 /* OAuth2Client.swift */,
			);
			path = AlamofireOauth2;
			sourceTree = "<group>";
		};
		7FD256B81B5707E600825BF1 /* Oauth2Test */ = {
			isa = PBXGroup;
			children = (
				7F0E6DC41BA8452C0071AC65 /* Oauth2Test.entitlements */,
				7FD256BB1B5707E600825BF1 /* AppDelegate.swift */,
				7FD256BD1B5707E600825BF1 /* ViewController.swift */,
				7FD256BF1B5707E600825BF1 /* Main.storyboard */,
				7FD256C21B5707E600825BF1 /* Images.xcassets */,
				7FD256C41B5707E600825BF1 /* LaunchScreen.xib */,
				7FD256B91B5707E600825BF1 /* Supporting Files */,
			);
			path = Oauth2Test;
			sourceTree = "<group>";
		};
		7FD256B91B5707E600825BF1 /* Supporting Files */ = {
			isa = PBXGroup;
			children = (
				7FD256BA1B5707E600825BF1 /* Info.plist */,
			);
			name = "Supporting Files";
			sourceTree = "<group>";
		};
		B3140E192B2E23C13991935A /* Pods */ = {
			isa = PBXGroup;
			children = (
				EA53326E43518792397CC7FB /* Pods.debug.xcconfig */,
				67A1D6A3E84EB476CFB8B6F7 /* Pods.release.xcconfig */,
			);
			name = Pods;
			sourceTree = "<group>";
		};
		CF5DEB8B2ED21ECE362ACBBD /* Frameworks */ = {
			isa = PBXGroup;
			children = (
				F2F299D1B0DB87443E2E306D /* Pods.framework */,
			);
			name = Frameworks;
			sourceTree = "<group>";
		};
/* End PBXGroup section */

/* Begin PBXNativeTarget section */
		7FD256B61B5707E500825BF1 /* Oauth2Test */ = {
			isa = PBXNativeTarget;
			buildConfigurationList = 7FD256D31B5707E600825BF1 /* Build configuration list for PBXNativeTarget "Oauth2Test" */;
			buildPhases = (
				15629DE30F8A494A31499703 /* Check Pods Manifest.lock */,
				7FD256B31B5707E500825BF1 /* Sources */,
				7FD256B41B5707E500825BF1 /* Frameworks */,
				7FD256B51B5707E500825BF1 /* Resources */,
				762D741C9CB212ACB126C5BA /* Embed Pods Frameworks */,
				BAAA8E48EB93031958A8611A /* Copy Pods Resources */,
			);
			buildRules = (
			);
			dependencies = (
			);
			name = Oauth2Test;
			productName = Oauth2Test;
			productReference = 7FD256B71B5707E500825BF1 /* Oauth2Test.app */;
			productType = "com.apple.product-type.application";
		};
/* End PBXNativeTarget section */

/* Begin PBXProject section */
		7FD2563F1B545A9D00825BF1 /* Project object */ = {
			isa = PBXProject;
			attributes = {
				LastSwiftMigration = 0700;
				LastSwiftUpdateCheck = 0700;
				LastUpgradeCheck = 0700;
				ORGANIZATIONNAME = evict;
				TargetAttributes = {
					7FD256B61B5707E500825BF1 = {
						CreatedOnToolsVersion = 6.4;
						DevelopmentTeam = JPC3M2UF4R;
						SystemCapabilities = {
							com.apple.SafariKeychain = {
								enabled = 0;
							};
						};
					};
				};
			};
			buildConfigurationList = 7FD256421B545A9D00825BF1 /* Build configuration list for PBXProject "AlamofireOauth2" */;
			compatibilityVersion = "Xcode 3.2";
			developmentRegion = English;
			hasScannedForEncodings = 0;
			knownRegions = (
				en,
				Base,
			);
			mainGroup = 7FD2563E1B545A9D00825BF1;
			productRefGroup = 7FD256481B545A9D00825BF1 /* Products */;
			projectDirPath = "";
			projectRoot = "";
			targets = (
				7FD256B61B5707E500825BF1 /* Oauth2Test */,
			);
		};
/* End PBXProject section */

/* Begin PBXResourcesBuildPhase section */
		7FD256B51B5707E500825BF1 /* Resources */ = {
			isa = PBXResourcesBuildPhase;
			buildActionMask = 2147483647;
			files = (
				7FD256C11B5707E600825BF1 /* Main.storyboard in Resources */,
				7FD256C61B5707E600825BF1 /* LaunchScreen.xib in Resources */,
				7FD256C31B5707E600825BF1 /* Images.xcassets in Resources */,
			);
			runOnlyForDeploymentPostprocessing = 0;
		};
/* End PBXResourcesBuildPhase section */

/* Begin PBXShellScriptBuildPhase section */
		15629DE30F8A494A31499703 /* Check Pods Manifest.lock */ = {
			isa = PBXShellScriptBuildPhase;
			buildActionMask = 2147483647;
			files = (
			);
			inputPaths = (
			);
			name = "Check Pods Manifest.lock";
			outputPaths = (
			);
			runOnlyForDeploymentPostprocessing = 0;
			shellPath = /bin/sh;
			shellScript = "diff \"${PODS_ROOT}/../Podfile.lock\" \"${PODS_ROOT}/Manifest.lock\" > /dev/null\nif [[ $? != 0 ]] ; then\n    cat << EOM\nerror: The sandbox is not in sync with the Podfile.lock. Run 'pod install' or update your CocoaPods installation.\nEOM\n    exit 1\nfi\n";
			showEnvVarsInLog = 0;
		};
		762D741C9CB212ACB126C5BA /* Embed Pods Frameworks */ = {
			isa = PBXShellScriptBuildPhase;
			buildActionMask = 2147483647;
			files = (
			);
			inputPaths = (
			);
			name = "Embed Pods Frameworks";
			outputPaths = (
			);
			runOnlyForDeploymentPostprocessing = 0;
			shellPath = /bin/sh;
			shellScript = "\"${SRCROOT}/Pods/Target Support Files/Pods/Pods-frameworks.sh\"\n";
			showEnvVarsInLog = 0;
		};
		BAAA8E48EB93031958A8611A /* Copy Pods Resources */ = {
			isa = PBXShellScriptBuildPhase;
			buildActionMask = 2147483647;
			files = (
			);
			inputPaths = (
			);
			name = "Copy Pods Resources";
			outputPaths = (
			);
			runOnlyForDeploymentPostprocessing = 0;
			shellPath = /bin/sh;
			shellScript = "\"${SRCROOT}/Pods/Target Support Files/Pods/Pods-resources.sh\"\n";
			showEnvVarsInLog = 0;
		};
/* End PBXShellScriptBuildPhase section */

/* Begin PBXSourcesBuildPhase section */
		7FD256B31B5707E500825BF1 /* Sources */ = {
			isa = PBXSourcesBuildPhase;
			buildActionMask = 2147483647;
			files = (
				7FD256D91B5708D400825BF1 /* AuthenticationViewController.swift in Sources */,
				7FD256DC1B5708DD00825BF1 /* AlamofireOauth2.swift in Sources */,
				7FD256BE1B5707E600825BF1 /* ViewController.swift in Sources */,
				7FD256BC1B5707E600825BF1 /* AppDelegate.swift in Sources */,
				7FD256DA1B5708D700825BF1 /* Oauth2Settings.swift in Sources */,
				7FD256DB1B5708DA00825BF1 /* OAuth2Client.swift in Sources */,
			);
			runOnlyForDeploymentPostprocessing = 0;
		};
/* End PBXSourcesBuildPhase section */

/* Begin PBXVariantGroup section */
		7FD256BF1B5707E600825BF1 /* Main.storyboard */ = {
			isa = PBXVariantGroup;
			children = (
				7FD256C01B5707E600825BF1 /* Base */,
			);
			name = Main.storyboard;
			sourceTree = "<group>";
		};
		7FD256C41B5707E600825BF1 /* LaunchScreen.xib */ = {
			isa = PBXVariantGroup;
			children = (
				7FD256C51B5707E600825BF1 /* Base */,
			);
			name = LaunchScreen.xib;
			sourceTree = "<group>";
		};
/* End PBXVariantGroup section */

/* Begin XCBuildConfiguration section */
		7FD256641B545A9D00825BF1 /* Debug */ = {
			isa = XCBuildConfiguration;
			buildSettings = {
				ALWAYS_SEARCH_USER_PATHS = NO;
				CLANG_CXX_LANGUAGE_STANDARD = "gnu++0x";
				CLANG_CXX_LIBRARY = "libc++";
				CLANG_ENABLE_MODULES = YES;
				CLANG_ENABLE_OBJC_ARC = YES;
				CLANG_WARN_BOOL_CONVERSION = YES;
				CLANG_WARN_CONSTANT_CONVERSION = YES;
				CLANG_WARN_DIRECT_OBJC_ISA_USAGE = YES_ERROR;
				CLANG_WARN_EMPTY_BODY = YES;
				CLANG_WARN_ENUM_CONVERSION = YES;
				CLANG_WARN_INT_CONVERSION = YES;
				CLANG_WARN_OBJC_ROOT_CLASS = YES_ERROR;
				CLANG_WARN_UNREACHABLE_CODE = YES;
				CLANG_WARN__DUPLICATE_METHOD_MATCH = YES;
				"CODE_SIGN_IDENTITY[sdk=iphoneos*]" = "iPhone Developer";
				COPY_PHASE_STRIP = NO;
				DEBUG_INFORMATION_FORMAT = "dwarf-with-dsym";
				ENABLE_STRICT_OBJC_MSGSEND = YES;
				ENABLE_TESTABILITY = YES;
				GCC_C_LANGUAGE_STANDARD = gnu99;
				GCC_DYNAMIC_NO_PIC = NO;
				GCC_NO_COMMON_BLOCKS = YES;
				GCC_OPTIMIZATION_LEVEL = 0;
				GCC_PREPROCESSOR_DEFINITIONS = (
					"DEBUG=1",
					"$(inherited)",
				);
				GCC_SYMBOLS_PRIVATE_EXTERN = NO;
				GCC_WARN_64_TO_32_BIT_CONVERSION = YES;
				GCC_WARN_ABOUT_RETURN_TYPE = YES_ERROR;
				GCC_WARN_UNDECLARED_SELECTOR = YES;
				GCC_WARN_UNINITIALIZED_AUTOS = YES_AGGRESSIVE;
				GCC_WARN_UNUSED_FUNCTION = YES;
				GCC_WARN_UNUSED_VARIABLE = YES;
				IPHONEOS_DEPLOYMENT_TARGET = 8.4;
				MTL_ENABLE_DEBUG_INFO = YES;
				ONLY_ACTIVE_ARCH = YES;
				SDKROOT = iphoneos;
				SWIFT_OPTIMIZATION_LEVEL = "-Onone";
				TARGETED_DEVICE_FAMILY = "1,2";
			};
			name = Debug;
		};
		7FD256651B545A9D00825BF1 /* Release */ = {
			isa = XCBuildConfiguration;
			buildSettings = {
				ALWAYS_SEARCH_USER_PATHS = NO;
				CLANG_CXX_LANGUAGE_STANDARD = "gnu++0x";
				CLANG_CXX_LIBRARY = "libc++";
				CLANG_ENABLE_MODULES = YES;
				CLANG_ENABLE_OBJC_ARC = YES;
				CLANG_WARN_BOOL_CONVERSION = YES;
				CLANG_WARN_CONSTANT_CONVERSION = YES;
				CLANG_WARN_DIRECT_OBJC_ISA_USAGE = YES_ERROR;
				CLANG_WARN_EMPTY_BODY = YES;
				CLANG_WARN_ENUM_CONVERSION = YES;
				CLANG_WARN_INT_CONVERSION = YES;
				CLANG_WARN_OBJC_ROOT_CLASS = YES_ERROR;
				CLANG_WARN_UNREACHABLE_CODE = YES;
				CLANG_WARN__DUPLICATE_METHOD_MATCH = YES;
				"CODE_SIGN_IDENTITY[sdk=iphoneos*]" = "iPhone Developer";
				COPY_PHASE_STRIP = NO;
				DEBUG_INFORMATION_FORMAT = "dwarf-with-dsym";
				ENABLE_NS_ASSERTIONS = NO;
				ENABLE_STRICT_OBJC_MSGSEND = YES;
				GCC_C_LANGUAGE_STANDARD = gnu99;
				GCC_NO_COMMON_BLOCKS = YES;
				GCC_WARN_64_TO_32_BIT_CONVERSION = YES;
				GCC_WARN_ABOUT_RETURN_TYPE = YES_ERROR;
				GCC_WARN_UNDECLARED_SELECTOR = YES;
				GCC_WARN_UNINITIALIZED_AUTOS = YES_AGGRESSIVE;
				GCC_WARN_UNUSED_FUNCTION = YES;
				GCC_WARN_UNUSED_VARIABLE = YES;
				IPHONEOS_DEPLOYMENT_TARGET = 8.4;
				MTL_ENABLE_DEBUG_INFO = NO;
				SDKROOT = iphoneos;
				TARGETED_DEVICE_FAMILY = "1,2";
				VALIDATE_PRODUCT = YES;
			};
			name = Release;
		};
		7FD256D41B5707E600825BF1 /* Debug */ = {
			isa = XCBuildConfiguration;
			baseConfigurationReference = EA53326E43518792397CC7FB /* Pods.debug.xcconfig */;
			buildSettings = {
				ASSETCATALOG_COMPILER_APPICON_NAME = AppIcon;
				CODE_SIGN_IDENTITY = "iPhone Developer";
				"CODE_SIGN_IDENTITY[sdk=iphoneos*]" = "iPhone Developer";
				GCC_PREPROCESSOR_DEFINITIONS = (
					"DEBUG=1",
					"$(inherited)",
				);
				INFOPLIST_FILE = Oauth2Test/Info.plist;
				LD_RUNPATH_SEARCH_PATHS = "$(inherited) @executable_path/Frameworks";
				PRODUCT_BUNDLE_IDENTIFIER = "nl.evict.$(PRODUCT_NAME:rfc1034identifier)";
				PRODUCT_NAME = "$(TARGET_NAME)";
				PROVISIONING_PROFILE = "";
			};
			name = Debug;
		};
		7FD256D51B5707E600825BF1 /* Release */ = {
			isa = XCBuildConfiguration;
			baseConfigurationReference = 67A1D6A3E84EB476CFB8B6F7 /* Pods.release.xcconfig */;
			buildSettings = {
				ASSETCATALOG_COMPILER_APPICON_NAME = AppIcon;
				CODE_SIGN_IDENTITY = "iPhone Developer";
				"CODE_SIGN_IDENTITY[sdk=iphoneos*]" = "iPhone Developer";
				INFOPLIST_FILE = Oauth2Test/Info.plist;
				LD_RUNPATH_SEARCH_PATHS = "$(inherited) @executable_path/Frameworks";
				PRODUCT_BUNDLE_IDENTIFIER = "nl.evict.$(PRODUCT_NAME:rfc1034identifier)";
				PRODUCT_NAME = "$(TARGET_NAME)";
				PROVISIONING_PROFILE = "";
			};
			name = Release;
		};
/* End XCBuildConfiguration section */

/* Begin XCConfigurationList section */
		7FD256421B545A9D00825BF1 /* Build configuration list for PBXProject "AlamofireOauth2" */ = {
			isa = XCConfigurationList;
			buildConfigurations = (
				7FD256641B545A9D00825BF1 /* Debug */,
				7FD256651B545A9D00825BF1 /* Release */,
			);
			defaultConfigurationIsVisible = 0;
			defaultConfigurationName = Release;
		};
		7FD256D31B5707E600825BF1 /* Build configuration list for PBXNativeTarget "Oauth2Test" */ = {
			isa = XCConfigurationList;
			buildConfigurations = (
				7FD256D41B5707E600825BF1 /* Debug */,
				7FD256D51B5707E600825BF1 /* Release */,
			);
			defaultConfigurationIsVisible = 0;
			defaultConfigurationName = Release;
		};
/* End XCConfigurationList section */
	};
	rootObject = 7FD2563F1B545A9D00825BF1 /* Project object */;
}
